
Microsoft Visual Studio Solution File, Format Version 12.00
# Visual Studio Version 17
VisualStudioVersion = 17.1.32421.90
MinimumVisualStudioVersion = 10.0.40219.1
Project("{FAE04EC0-301F-11D3-BF4B-00C04F79EFBC}") = "AnkhMorporkWeb", "AnkhMorporkWeb\AnkhMorporkWeb.csproj", "{A83D350A-E4E7-417D-A3FE-95AE0AD14286}"
EndProject
Project("{FAE04EC0-301F-11D3-BF4B-00C04F79EFBC}") = "AnkhMorporkWeb.Tests", "AnkhMorporkWeb.Tests\AnkhMorporkWeb.Tests.csproj", "{9092DB47-7AFF-4D0D-B89C-97ECC7BFA3B6}"
EndProject
Global
	GlobalSection(SolutionConfigurationPlatforms) = preSolution
		Debug|Any CPU = Debug|Any CPU
		Release|Any CPU = Release|Any CPU
	EndGlobalSection
	GlobalSection(ProjectConfigurationPlatforms) = postSolution
		{A83D350A-E4E7-417D-A3FE-95AE0AD14286}.Debug|Any CPU.ActiveCfg = Debug|Any CPU
		{A83D350A-E4E7-417D-A3FE-95AE0AD14286}.Debug|Any CPU.Build.0 = Debug|Any CPU
		{A83D350A-E4E7-417D-A3FE-95AE0AD14286}.Release|Any CPU.ActiveCfg = Release|Any CPU
		{A83D350A-E4E7-417D-A3FE-95AE0AD14286}.Release|Any CPU.Build.0 = Release|Any CPU
		{9092DB47-7AFF-4D0D-B89C-97ECC7BFA3B6}.Debug|Any CPU.ActiveCfg = Debug|Any CPU
		{9092DB47-7AFF-4D0D-B89C-97ECC7BFA3B6}.Debug|Any CPU.Build.0 = Debug|Any CPU
		{9092DB47-7AFF-4D0D-B89C-97ECC7BFA3B6}.Release|Any CPU.ActiveCfg = Release|Any CPU
		{9092DB47-7AFF-4D0D-B89C-97ECC7BFA3B6}.Release|Any CPU.Build.0 = Release|Any CPU
	EndGlobalSection
	GlobalSection(SolutionProperties) = preSolution
		HideSolutionNode = FALSE
	EndGlobalSection
	GlobalSection(ExtensibilityGlobals) = postSolution
		SolutionGuid = {574FA18F-AFC8-495B-9B2C-4E71FC405DDA}
	EndGlobalSection
EndGlobal
